
Microsoft Visual Studio Solution File, Format Version 12.00
# Visual Studio Version 17
VisualStudioVersion = 17.11.35312.102
MinimumVisualStudioVersion = 10.0.40219.1
Project("{FAE04EC0-301F-11D3-BF4B-00C04F79EFBC}") = "EP 1 Learn to code C#", "EP 1 Learn to code C#\EP 1 Learn to code C#.csproj", "{4CB9E18C-5F9F-43D2-918C-6BEAFE422B1B}"
EndProject
Global
	GlobalSection(SolutionConfigurationPlatforms) = preSolution
		Debug|Any CPU = Debug|Any CPU
		Release|Any CPU = Release|Any CPU
	EndGlobalSection
	GlobalSection(ProjectConfigurationPlatforms) = postSolution
		{4CB9E18C-5F9F-43D2-918C-6BEAFE422B1B}.Debug|Any CPU.ActiveCfg = Debug|Any CPU
		{4CB9E18C-5F9F-43D2-918C-6BEAFE422B1B}.Debug|Any CPU.Build.0 = Debug|Any CPU
		{4CB9E18C-5F9F-43D2-918C-6BEAFE422B1B}.Release|Any CPU.ActiveCfg = Release|Any CPU
		{4CB9E18C-5F9F-43D2-918C-6BEAFE422B1B}.Release|Any CPU.Build.0 = Release|Any CPU
	EndGlobalSection
	GlobalSection(SolutionProperties) = preSolution
		HideSolutionNode = FALSE
	EndGlobalSection
	GlobalSection(ExtensibilityGlobals) = postSolution
		SolutionGuid = {E60F0FFD-64F9-4D5B-A1C6-38E4BD6E01CF}
	EndGlobalSection
EndGlobal
